
Microsoft Visual Studio Solution File, Format Version 12.00
# Visual Studio Version 16
VisualStudioVersion = 16.0.29102.190
MinimumVisualStudioVersion = 10.0.40219.1
Project("{8BC9CEB8-8B4A-11D0-8D11-00A0C91BC942}") = "Project1", "Project1.vcxproj", "{607F0EA0-BB84-4323-A23C-7188F954B053}"
EndProject
Global
	GlobalSection(SolutionConfigurationPlatforms) = preSolution
		Debug|x64 = Debug|x64
		Debug|x86 = Debug|x86
		Release|x64 = Release|x64
		Release|x86 = Release|x86
	EndGlobalSection
	GlobalSection(ProjectConfigurationPlatforms) = postSolution
		{607F0EA0-BB84-4323-A23C-7188F954B053}.Debug|x64.ActiveCfg = Debug|x64
		{607F0EA0-BB84-4323-A23C-7188F954B053}.Debug|x64.Build.0 = Debug|x64
		{607F0EA0-BB84-4323-A23C-7188F954B053}.Debug|x86.ActiveCfg = Debug|Win32
		{607F0EA0-BB84-4323-A23C-7188F954B053}.Debug|x86.Build.0 = Debug|Win32
		{607F0EA0-BB84-4323-A23C-7188F954B053}.Release|x64.ActiveCfg = Release|x64
		{607F0EA0-BB84-4323-A23C-7188F954B053}.Release|x64.Build.0 = Release|x64
		{607F0EA0-BB84-4323-A23C-7188F954B053}.Release|x86.ActiveCfg = Release|x64
		{607F0EA0-BB84-4323-A23C-7188F954B053}.Release|x86.Build.0 = Release|x64
	EndGlobalSection
	GlobalSection(SolutionProperties) = preSolution
		HideSolutionNode = FALSE
	EndGlobalSection
	GlobalSection(ExtensibilityGlobals) = postSolution
		SolutionGuid = {6CEDD63E-326E-4013-AEEB-191524BB3701}
	EndGlobalSection
EndGlobal
